
Microsoft Visual Studio Solution File, Format Version 12.00
# Visual Studio 2012
Project("{FAE04EC0-301F-11D3-BF4B-00C04F79EFBC}") = "new2", "new2\new2.csproj", "{E4455ABF-5DB8-4F59-8D4F-96F712E4B6D1}"
EndProject
Project("{FAE04EC0-301F-11D3-BF4B-00C04F79EFBC}") = "new2.iOS", "iOS\new2.iOS.csproj", "{B48BBA21-CAE9-404E-A8F1-2569ED059858}"
EndProject
Project("{FAE04EC0-301F-11D3-BF4B-00C04F79EFBC}") = "new2.Droid", "Droid\new2.Droid.csproj", "{FC7AA798-A023-463E-AC01-6AB06A6567AA}"
EndProject
Global
	GlobalSection(SolutionConfigurationPlatforms) = preSolution
		Debug|Any CPU = Debug|Any CPU
		Release|Any CPU = Release|Any CPU
		Debug|iPhoneSimulator = Debug|iPhoneSimulator
		Release|iPhone = Release|iPhone
		Release|iPhoneSimulator = Release|iPhoneSimulator
		Debug|iPhone = Debug|iPhone
	EndGlobalSection
	GlobalSection(ProjectConfigurationPlatforms) = postSolution
		{B48BBA21-CAE9-404E-A8F1-2569ED059858}.Debug|Any CPU.ActiveCfg = Debug|iPhoneSimulator
		{B48BBA21-CAE9-404E-A8F1-2569ED059858}.Debug|Any CPU.Build.0 = Debug|iPhoneSimulator
		{B48BBA21-CAE9-404E-A8F1-2569ED059858}.Debug|iPhone.ActiveCfg = Debug|iPhone
		{B48BBA21-CAE9-404E-A8F1-2569ED059858}.Debug|iPhone.Build.0 = Debug|iPhone
		{B48BBA21-CAE9-404E-A8F1-2569ED059858}.Debug|iPhoneSimulator.ActiveCfg = Debug|iPhoneSimulator
		{B48BBA21-CAE9-404E-A8F1-2569ED059858}.Debug|iPhoneSimulator.Build.0 = Debug|iPhoneSimulator
		{B48BBA21-CAE9-404E-A8F1-2569ED059858}.Release|Any CPU.ActiveCfg = Release|iPhone
		{B48BBA21-CAE9-404E-A8F1-2569ED059858}.Release|Any CPU.Build.0 = Release|iPhone
		{B48BBA21-CAE9-404E-A8F1-2569ED059858}.Release|iPhone.ActiveCfg = Release|iPhone
		{B48BBA21-CAE9-404E-A8F1-2569ED059858}.Release|iPhone.Build.0 = Release|iPhone
		{B48BBA21-CAE9-404E-A8F1-2569ED059858}.Release|iPhoneSimulator.ActiveCfg = Release|iPhoneSimulator
		{B48BBA21-CAE9-404E-A8F1-2569ED059858}.Release|iPhoneSimulator.Build.0 = Release|iPhoneSimulator
		{E4455ABF-5DB8-4F59-8D4F-96F712E4B6D1}.Debug|Any CPU.ActiveCfg = Debug|Any CPU
		{E4455ABF-5DB8-4F59-8D4F-96F712E4B6D1}.Debug|Any CPU.Build.0 = Debug|Any CPU
		{E4455ABF-5DB8-4F59-8D4F-96F712E4B6D1}.Debug|iPhone.ActiveCfg = Debug|Any CPU
		{E4455ABF-5DB8-4F59-8D4F-96F712E4B6D1}.Debug|iPhone.Build.0 = Debug|Any CPU
		{E4455ABF-5DB8-4F59-8D4F-96F712E4B6D1}.Debug|iPhoneSimulator.ActiveCfg = Debug|Any CPU
		{E4455ABF-5DB8-4F59-8D4F-96F712E4B6D1}.Debug|iPhoneSimulator.Build.0 = Debug|Any CPU
		{E4455ABF-5DB8-4F59-8D4F-96F712E4B6D1}.Release|Any CPU.ActiveCfg = Release|Any CPU
		{E4455ABF-5DB8-4F59-8D4F-96F712E4B6D1}.Release|Any CPU.Build.0 = Release|Any CPU
		{E4455ABF-5DB8-4F59-8D4F-96F712E4B6D1}.Release|iPhone.ActiveCfg = Release|Any CPU
		{E4455ABF-5DB8-4F59-8D4F-96F712E4B6D1}.Release|iPhone.Build.0 = Release|Any CPU
		{E4455ABF-5DB8-4F59-8D4F-96F712E4B6D1}.Release|iPhoneSimulator.ActiveCfg = Release|Any CPU
		{E4455ABF-5DB8-4F59-8D4F-96F712E4B6D1}.Release|iPhoneSimulator.Build.0 = Release|Any CPU
		{FC7AA798-A023-463E-AC01-6AB06A6567AA}.Debug|Any CPU.ActiveCfg = Debug|Any CPU
		{FC7AA798-A023-463E-AC01-6AB06A6567AA}.Debug|Any CPU.Build.0 = Debug|Any CPU
		{FC7AA798-A023-463E-AC01-6AB06A6567AA}.Debug|iPhone.ActiveCfg = Debug|Any CPU
		{FC7AA798-A023-463E-AC01-6AB06A6567AA}.Debug|iPhone.Build.0 = Debug|Any CPU
		{FC7AA798-A023-463E-AC01-6AB06A6567AA}.Debug|iPhoneSimulator.ActiveCfg = Debug|Any CPU
		{FC7AA798-A023-463E-AC01-6AB06A6567AA}.Debug|iPhoneSimulator.Build.0 = Debug|Any CPU
		{FC7AA798-A023-463E-AC01-6AB06A6567AA}.Release|Any CPU.ActiveCfg = Release|Any CPU
		{FC7AA798-A023-463E-AC01-6AB06A6567AA}.Release|Any CPU.Build.0 = Release|Any CPU
		{FC7AA798-A023-463E-AC01-6AB06A6567AA}.Release|iPhone.ActiveCfg = Release|Any CPU
		{FC7AA798-A023-463E-AC01-6AB06A6567AA}.Release|iPhone.Build.0 = Release|Any CPU
		{FC7AA798-A023-463E-AC01-6AB06A6567AA}.Release|iPhoneSimulator.ActiveCfg = Release|Any CPU
		{FC7AA798-A023-463E-AC01-6AB06A6567AA}.Release|iPhoneSimulator.Build.0 = Release|Any CPU
	EndGlobalSection
EndGlobal
